
Microsoft Visual Studio Solution File, Format Version 12.00
# Visual Studio Version 17
VisualStudioVersion = 17.9.34616.47
MinimumVisualStudioVersion = 10.0.40219.1
Project("{9A19103F-16F7-4668-BE54-9A1E7A4F7556}") = "ApiTestingDemo", "Demo\ApiTestingDemo.csproj", "{A0B91DF9-2774-41B0-AA3A-357575293618}"
EndProject
Global
	GlobalSection(SolutionConfigurationPlatforms) = preSolution
		Debug|Any CPU = Debug|Any CPU
		Release|Any CPU = Release|Any CPU
	EndGlobalSection
	GlobalSection(ProjectConfigurationPlatforms) = postSolution
		{A0B91DF9-2774-41B0-AA3A-357575293618}.Debug|Any CPU.ActiveCfg = Debug|Any CPU
		{A0B91DF9-2774-41B0-AA3A-357575293618}.Debug|Any CPU.Build.0 = Debug|Any CPU
		{A0B91DF9-2774-41B0-AA3A-357575293618}.Release|Any CPU.ActiveCfg = Release|Any CPU
		{A0B91DF9-2774-41B0-AA3A-357575293618}.Release|Any CPU.Build.0 = Release|Any CPU
	EndGlobalSection
	GlobalSection(SolutionProperties) = preSolution
		HideSolutionNode = FALSE
	EndGlobalSection
	GlobalSection(ExtensibilityGlobals) = postSolution
		SolutionGuid = {5281DF99-A88B-4AE3-8A16-576254E98CFD}
	EndGlobalSection
EndGlobal
